
Microsoft Visual Studio Solution File, Format Version 12.00
# Visual Studio Version 16
VisualStudioVersion = 16.0.33027.164
MinimumVisualStudioVersion = 10.0.40219.1
Project("{FAE04EC0-301F-11D3-BF4B-00C04F79EFBC}") = "Basic_Cs_Function_Ex01", "Basic_Cs_Function_Ex01\Basic_Cs_Function_Ex01.csproj", "{CEC94CA5-D166-4351-80BF-E120118A3BA0}"
EndProject
Global
	GlobalSection(SolutionConfigurationPlatforms) = preSolution
		Debug|Any CPU = Debug|Any CPU
		Release|Any CPU = Release|Any CPU
	EndGlobalSection
	GlobalSection(ProjectConfigurationPlatforms) = postSolution
		{CEC94CA5-D166-4351-80BF-E120118A3BA0}.Debug|Any CPU.ActiveCfg = Debug|Any CPU
		{CEC94CA5-D166-4351-80BF-E120118A3BA0}.Debug|Any CPU.Build.0 = Debug|Any CPU
		{CEC94CA5-D166-4351-80BF-E120118A3BA0}.Release|Any CPU.ActiveCfg = Release|Any CPU
		{CEC94CA5-D166-4351-80BF-E120118A3BA0}.Release|Any CPU.Build.0 = Release|Any CPU
	EndGlobalSection
	GlobalSection(SolutionProperties) = preSolution
		HideSolutionNode = FALSE
	EndGlobalSection
	GlobalSection(ExtensibilityGlobals) = postSolution
		SolutionGuid = {F20D1F69-3EFA-4197-B8B3-482176927425}
	EndGlobalSection
EndGlobal
